
Microsoft Visual Studio Solution File, Format Version 12.00
Project("{FAE04EC0-301F-11D3-BF4B-00C04F79EFBC}") = "CruxlabTask", "CruxlabTask.csproj", "{C80D10E5-C889-40F1-8119-2C3AB7DCEE9B}"
EndProject
Global
	GlobalSection(SolutionConfigurationPlatforms) = preSolution
		Debug|Any CPU = Debug|Any CPU
		Release|Any CPU = Release|Any CPU
	EndGlobalSection
	GlobalSection(ProjectConfigurationPlatforms) = postSolution
		{C80D10E5-C889-40F1-8119-2C3AB7DCEE9B}.Debug|Any CPU.ActiveCfg = Debug|Any CPU
		{C80D10E5-C889-40F1-8119-2C3AB7DCEE9B}.Debug|Any CPU.Build.0 = Debug|Any CPU
		{C80D10E5-C889-40F1-8119-2C3AB7DCEE9B}.Release|Any CPU.ActiveCfg = Release|Any CPU
		{C80D10E5-C889-40F1-8119-2C3AB7DCEE9B}.Release|Any CPU.Build.0 = Release|Any CPU
	EndGlobalSection
EndGlobal
